// !$*UTF8*$!
{
	archiveVersion = 1;
	classes = {
	};
	objectVersion = 77;
	objects = {

/* Begin PBXBuildFile section */
		0E471F29FE657B084CEAD58B /* libKeyCore.a in Frameworks */ = {isa = PBXBuildFile; fileRef = 395A88A800D635A7EF9FE33F /* libKeyCore.a */; };
		11A1C24BB4C342B4948D95FE /* libKeyCore.a in Frameworks */ = {isa = PBXBuildFile; fileRef = 395A88A800D635A7EF9FE33F /* libKeyCore.a */; };
		1B7D7F2E9AE24855D9046ED3 /* VaultKeyStore.swift in Sources */ = {isa = PBXBuildFile; fileRef = B094CFE4AAED257F0AB41EDF /* VaultKeyStore.swift */; };
		240E840B493F129EF5D4413B /* RuntimeConfiguration.swift in Sources */ = {isa = PBXBuildFile; fileRef = F19B0116010713B57BC705BE /* RuntimeConfiguration.swift */; };
		2B8F1B84418A9F3C00F3BC6B /* VaultCipher.swift in Sources */ = {isa = PBXBuildFile; fileRef = F35BE94A97915FDC6921A8F0 /* VaultCipher.swift */; };
		2FF48E342F108FF694BDB515 /* InputOutput.swift in Sources */ = {isa = PBXBuildFile; fileRef = 855E71C8AF61988A885402D9 /* InputOutput.swift */; };
		3E06CBB9790C0F544B940F1B /* AppError.swift in Sources */ = {isa = PBXBuildFile; fileRef = DE09A18FF4CC11995E958F80 /* AppError.swift */; };
		C101A11A7D2649A69B136101 /* HelperLifecycleController.swift in Sources */ = {isa = PBXBuildFile; fileRef = C102A11A7D2649A69B136102 /* HelperLifecycleController.swift */; };
		545DE475C8F5F883DB08A529 /* KeyServiceProtocol.swift in Sources */ = {isa = PBXBuildFile; fileRef = 55257994DEF9CC6144A32E16 /* KeyServiceProtocol.swift */; };
		57EEC874B15B0F76B486E12A /* AppIcon.icon in Resources */ = {isa = PBXBuildFile; fileRef = 55AE435B2F63568900124FD6 /* AppIcon.icon */; };
		5FEC7A6B80C84ABF96BB0942 /* AppIcon.icon in Resources */ = {isa = PBXBuildFile; fileRef = 55AE435B2F63568900124FD6 /* AppIcon.icon */; };
		6D30C98FDE1EE6358276BB25 /* KeyUtilityApp.swift in Sources */ = {isa = PBXBuildFile; fileRef = 5545BFD05D0DBC600CFCEDA7 /* KeyUtilityApp.swift */; };
		70A1989598F246AF88CA0C88 /* ClipboardWriting.swift in Sources */ = {isa = PBXBuildFile; fileRef = E1EE5012D730E62376078026 /* ClipboardWriting.swift */; };
		851434753ACA4A4ED0733FEB /* KeyServiceHandler.swift in Sources */ = {isa = PBXBuildFile; fileRef = 9E2ADEBF64DA8CE4DCDEF252 /* KeyServiceHandler.swift */; };
		873C78C8D57CEF7EBA418B73 /* SecretFile.swift in Sources */ = {isa = PBXBuildFile; fileRef = 81B97AA4A2EA5FF5B9CD3FCA /* SecretFile.swift */; };
		8794D82F2F27E7B9F3B9EE11 /* SecretEntryType.swift in Sources */ = {isa = PBXBuildFile; fileRef = 8794D82E2F27E7B9F3B9EE11 /* SecretEntryType.swift */; };
		8B2342C883974B121AB07C37 /* KeyXPCClientTransport.swift in Sources */ = {isa = PBXBuildFile; fileRef = 0999C71A91147E5F052667EC /* KeyXPCClientTransport.swift */; };
		8D9C2B13AA1B4A669F62CB2A /* KeyDashboardSupport.swift in Sources */ = {isa = PBXBuildFile; fileRef = 89D0AC29AD8740A9B3D2B6E6 /* KeyDashboardSupport.swift */; };
		9FAE42E9C3A14B0F8D7E6A11 /* VaultLocationResolver.swift in Sources */ = {isa = PBXBuildFile; fileRef = 31C5D8A7B28E4C5FA4E91D20 /* VaultLocationResolver.swift */; };
		A3A8B5F62B03F55CDB345501 /* TOTPGenerator.swift in Sources */ = {isa = PBXBuildFile; fileRef = A3A8B5F52B03F55CDB345501 /* TOTPGenerator.swift */; };
		A2090001A2090001A2090001 /* V2MigrationPreflight.swift in Sources */ = {isa = PBXBuildFile; fileRef = A2090002A2090002A2090002 /* V2MigrationPreflight.swift */; };
		A2090003A2090003A2090003 /* V3FormatValidation.swift in Sources */ = {isa = PBXBuildFile; fileRef = A2090004A2090004A2090004 /* V3FormatValidation.swift */; };
		A3010001A3010001A3010001 /* VaultRootDirectoryHandle.swift in Sources */ = {isa = PBXBuildFile; fileRef = A3010002A3010002A3010002 /* VaultRootDirectoryHandle.swift */; };
		A3020001A3020001A3020001 /* VaultPathResolver.swift in Sources */ = {isa = PBXBuildFile; fileRef = A3020002A3020002A3020002 /* VaultPathResolver.swift */; };
		A3030001A3030001A3030001 /* VaultProviderNamePolicy.swift in Sources */ = {isa = PBXBuildFile; fileRef = A3030002A3030002A3030002 /* VaultProviderNamePolicy.swift */; };
		A3040001A3040001A3040001 /* VaultContainedMutation.swift in Sources */ = {isa = PBXBuildFile; fileRef = A3040002A3040002A3040002 /* VaultContainedMutation.swift */; };
		A4010001A4010001A4010001 /* VaultTransactionMutationOwner.swift in Sources */ = {isa = PBXBuildFile; fileRef = A4010002A4010002A4010002 /* VaultTransactionMutationOwner.swift */; };
		A4030001A4030001A4030001 /* Base64URL.swift in Sources */ = {isa = PBXBuildFile; fileRef = A4030002A4030002A4030002 /* Base64URL.swift */; };
		A4090001A4090001A4090001 /* VaultObservation.swift in Sources */ = {isa = PBXBuildFile; fileRef = A4090002A4090002A4090002 /* VaultObservation.swift */; };
		A4090011A4090011A4090011 /* VaultUXService.swift in Sources */ = {isa = PBXBuildFile; fileRef = A4090012A4090012A4090012 /* VaultUXService.swift */; };
		A5000001A5000001A5000001 /* CanonicalJSON.swift in Sources */ = {isa = PBXBuildFile; fileRef = A5000002A5000002A5000002 /* CanonicalJSON.swift */; };
		A5010001A5010001A5010001 /* V3EntryAuthenticationContext.swift in Sources */ = {isa = PBXBuildFile; fileRef = A5010002A5010002A5010002 /* V3EntryAuthenticationContext.swift */; };
		A5020001A5020001A5020001 /* V3EntryCipher.swift in Sources */ = {isa = PBXBuildFile; fileRef = A5020002A5020002A5020002 /* V3EntryCipher.swift */; };
		A5030001A5030001A5030001 /* V3ManifestAuthentication.swift in Sources */ = {isa = PBXBuildFile; fileRef = A5030002A5030002A5030002 /* V3ManifestAuthentication.swift */; };
		A5040001A5040001A5040001 /* V3ManifestReplayProtection.swift in Sources */ = {isa = PBXBuildFile; fileRef = A5040002A5040002A5040002 /* V3ManifestReplayProtection.swift */; };
		A5050001A5050001A5050001 /* V3ManifestCheckpointKeychainStore.swift in Sources */ = {isa = PBXBuildFile; fileRef = A5050002A5050002A5050002 /* V3ManifestCheckpointKeychainStore.swift */; };
		A5060001A5060001A5060001 /* V3ImmutableObjectFilesystem.swift in Sources */ = {isa = PBXBuildFile; fileRef = A5060002A5060002A5060002 /* V3ImmutableObjectFilesystem.swift */; };
		A5070001A5070001A5070001 /* V3ImmutableObjectRepository.swift in Sources */ = {isa = PBXBuildFile; fileRef = A5070002A5070002A5070002 /* V3ImmutableObjectRepository.swift */; };
		A5080001A5080001A5080001 /* V3ManifestReconciliation.swift in Sources */ = {isa = PBXBuildFile; fileRef = A5080002A5080002A5080002 /* V3ManifestReconciliation.swift */; };
		A5090001A5090001A5090001 /* V3ConflictObservation.swift in Sources */ = {isa = PBXBuildFile; fileRef = A5090002A5090002A5090002 /* V3ConflictObservation.swift */; };
		A50A0001A50A0001A50A0001 /* V3VaultObservation.swift in Sources */ = {isa = PBXBuildFile; fileRef = A50A0002A50A0002A50A0002 /* V3VaultObservation.swift */; };
		A50B0001A50B0001A50B0001 /* V3VaultUXService.swift in Sources */ = {isa = PBXBuildFile; fileRef = A50B0002A50B0002A50B0002 /* V3VaultUXService.swift */; };
		A50C0001A50C0001A50C0001 /* V3ReadPlan.swift in Sources */ = {isa = PBXBuildFile; fileRef = A50C0002A50C0002A50C0002 /* V3ReadPlan.swift */; };
		A50D0001A50D0001A50D0001 /* V3ReadExecutor.swift in Sources */ = {isa = PBXBuildFile; fileRef = A50D0002A50D0002A50D0002 /* V3ReadExecutor.swift */; };
		A50E0001A50E0001A50E0001 /* V3ReadOnlyVaultRuntime.swift in Sources */ = {isa = PBXBuildFile; fileRef = A50E0002A50E0002A50E0002 /* V3ReadOnlyVaultRuntime.swift */; };
		A50F0001A50F0001A50F0001 /* VaultReadService.swift in Sources */ = {isa = PBXBuildFile; fileRef = A50F0002A50F0002A50F0002 /* VaultReadService.swift */; };
		A5120001A5120001A5120001 /* V3LocalMigration.swift in Sources */ = {isa = PBXBuildFile; fileRef = A5120002A5120002A5120002 /* V3LocalMigration.swift */; };
		A5130001A5130001A5130001 /* V3ImmutableObjectPublicationFilesystem.swift in Sources */ = {isa = PBXBuildFile; fileRef = A5130002A5130002A5130002 /* V3ImmutableObjectPublicationFilesystem.swift */; };
		A5140001A5140001A5140001 /* V3AtomicStagedObjectWriter.swift in Sources */ = {isa = PBXBuildFile; fileRef = A5140002A5140002A5140002 /* V3AtomicStagedObjectWriter.swift */; };
		A5150001A5150001A5150001 /* V3LocalGenesisBuilder.swift in Sources */ = {isa = PBXBuildFile; fileRef = A5150002A5150002A5150002 /* V3LocalGenesisBuilder.swift */; };
		A5160001A5160001A5160001 /* V3ImmutableObjectPublishing.swift in Sources */ = {isa = PBXBuildFile; fileRef = A5160002A5160002A5160002 /* V3ImmutableObjectPublishing.swift */; };
		A5170001A5170001A5170001 /* V3EnrollmentProtocol.swift in Sources */ = {isa = PBXBuildFile; fileRef = A5170002A5170002A5170002 /* V3EnrollmentProtocol.swift */; };
		A5180001A5180001A5180001 /* V3P256Signature.swift in Sources */ = {isa = PBXBuildFile; fileRef = A5180002A5180002A5180002 /* V3P256Signature.swift */; };
		A5190001A5190001A5190001 /* V3EnrollmentAuthentication.swift in Sources */ = {isa = PBXBuildFile; fileRef = A5190002A5190002A5190002 /* V3EnrollmentAuthentication.swift */; };
		A5200001A5200001A5200001 /* V3EnrollmentDeviceIdentityStore.swift in Sources */ = {isa = PBXBuildFile; fileRef = A5200002A5200002A5200002 /* V3EnrollmentDeviceIdentityStore.swift */; };
		A5210001A5210001A5210001 /* V3EnrollmentMailbox.swift in Sources */ = {isa = PBXBuildFile; fileRef = A5210002A5210002A5210002 /* V3EnrollmentMailbox.swift */; };
		A5220001A5220001A5220001 /* V3EnrollmentCeremonyState.swift in Sources */ = {isa = PBXBuildFile; fileRef = A5220002A5220002A5220002 /* V3EnrollmentCeremonyState.swift */; };
		A5230001A5230001A5230001 /* V3EnrollmentCeremonyStateKeychainStore.swift in Sources */ = {isa = PBXBuildFile; fileRef = A5230002A5230002A5230002 /* V3EnrollmentCeremonyStateKeychainStore.swift */; };
		A5240001A5240001A5240001 /* V3EnrollmentExchangeCoordinator.swift in Sources */ = {isa = PBXBuildFile; fileRef = A5240002A5240002A5240002 /* V3EnrollmentExchangeCoordinator.swift */; };
		A5250001A5250001A5250001 /* V3EnrollmentVaultKeyWrapping.swift in Sources */ = {isa = PBXBuildFile; fileRef = A5250002A5250002A5250002 /* V3EnrollmentVaultKeyWrapping.swift */; };
		A5260001A5260001A5260001 /* V3EnrollmentOwnerTransition.swift in Sources */ = {isa = PBXBuildFile; fileRef = A5260002A5260002A5260002 /* V3EnrollmentOwnerTransition.swift */; };
		A5270001A5270001A5270001 /* V3EnrollmentOwnerApprovalCoordinator.swift in Sources */ = {isa = PBXBuildFile; fileRef = A5270002A5270002A5270002 /* V3EnrollmentOwnerApprovalCoordinator.swift */; };
		A5280001A5280001A5280001 /* V3ManifestAncestryObservation.swift in Sources */ = {isa = PBXBuildFile; fileRef = A5280002A5280002A5280002 /* V3ManifestAncestryObservation.swift */; };
		A5290001A5290001A5290001 /* V3EnrollmentAdoption.swift in Sources */ = {isa = PBXBuildFile; fileRef = A5290002A5290002A5290002 /* V3EnrollmentAdoption.swift */; };
		A5300001A5300001A5300001 /* V3EnrollmentWorkflow.swift in Sources */ = {isa = PBXBuildFile; fileRef = A5300002A5300002A5300002 /* V3EnrollmentWorkflow.swift */; };
		A5000011A5000011A5000011 /* libJSONCanonicalization.a in Frameworks */ = {isa = PBXBuildFile; fileRef = A50000A0A50000A0A50000A0 /* libJSONCanonicalization.a */; };
		A5000012A5000012A5000012 /* libJSONCanonicalization.a in Frameworks */ = {isa = PBXBuildFile; fileRef = A50000A0A50000A0A50000A0 /* libJSONCanonicalization.a */; };
		A5000013A5000013A5000013 /* libJSONCanonicalization.a in Frameworks */ = {isa = PBXBuildFile; fileRef = A50000A0A50000A0A50000A0 /* libJSONCanonicalization.a */; };
		A15F350B2230881FFC292742 /* libKeyCore.a in Frameworks */ = {isa = PBXBuildFile; fileRef = 395A88A800D635A7EF9FE33F /* libKeyCore.a */; };
		AC467D3A21454DE3CB9394E3 /* Command.swift in Sources */ = {isa = PBXBuildFile; fileRef = BA3251E5B71729E191F7889A /* Command.swift */; };
		B4BE69F25B811392D2FBBE3C /* KeyCLIApplication.swift in Sources */ = {isa = PBXBuildFile; fileRef = 4E86CB92C583D90F5DEF67D4 /* KeyCLIApplication.swift */; };
		B611695A8D40D95DE0EF69BD /* CLIParser.swift in Sources */ = {isa = PBXBuildFile; fileRef = FF28C31FF780A4FCCB3294D7 /* CLIParser.swift */; };
		BCE7D9A786F2E2489DE3ACCB /* SystemClipboardWriter.swift in Sources */ = {isa = PBXBuildFile; fileRef = E827F7A4531EEAF53BCF3AA5 /* SystemClipboardWriter.swift */; };
		CC2B47A4B45D4DA85E9C209D /* main.swift in Sources */ = {isa = PBXBuildFile; fileRef = 76DB380BC4A9ECD7FE009152 /* main.swift */; };
		D4D0ACDBCDB375050F096CEC /* EntryStore.swift in Sources */ = {isa = PBXBuildFile; fileRef = 5E585E32FBAF3D8FD5F64230 /* EntryStore.swift */; };
		E50676FB896C20975843E925 /* main.swift in Sources */ = {isa = PBXBuildFile; fileRef = E7E80100701CDE5C7C14F9AB /* main.swift */; };
		E9B24E7F8C7042A2A783D53D /* SessionVaultKeyStore.swift in Sources */ = {isa = PBXBuildFile; fileRef = 4E30B55D83074B50959E72C6 /* SessionVaultKeyStore.swift */; };
/* End PBXBuildFile section */

/* Begin PBXContainerItemProxy section */
		4CF304A12EB3EC377735DC81 /* PBXContainerItemProxy */ = {
			isa = PBXContainerItemProxy;
			containerPortal = 986EA7B2F1EA72BF555E9C36 /* Project object */;
			proxyType = 1;
			remoteGlobalIDString = A776B37E9AF0E71BC5A8C3F2;
			remoteInfo = KeyLaunchAgentHelper;
		};
		6BEBF4FC67DD0DDFC45FD37F /* PBXContainerItemProxy */ = {
			isa = PBXContainerItemProxy;
			containerPortal = 986EA7B2F1EA72BF555E9C36 /* Project object */;
			proxyType = 1;
			remoteGlobalIDString = 8ADEB08555D7682AFB0C97A3;
			remoteInfo = KeyCore;
		};
		D38F777BCA0735089ACD3916 /* PBXContainerItemProxy */ = {
			isa = PBXContainerItemProxy;
			containerPortal = 986EA7B2F1EA72BF555E9C36 /* Project object */;
			proxyType = 1;
			remoteGlobalIDString = 8ADEB08555D7682AFB0C97A3;
			remoteInfo = KeyCore;
		};
		FEE385630CE7022994C7D053 /* PBXContainerItemProxy */ = {
			isa = PBXContainerItemProxy;
			containerPortal = 986EA7B2F1EA72BF555E9C36 /* Project object */;
			proxyType = 1;
			remoteGlobalIDString = 1CF695AE4EB1034DF9A169D2;
			remoteInfo = KeyCLI;
		};
		A50000E0A50000E0A50000E0 /* PBXContainerItemProxy */ = {
			isa = PBXContainerItemProxy;
			containerPortal = 986EA7B2F1EA72BF555E9C36 /* Project object */;
			proxyType = 1;
			remoteGlobalIDString = A50000B0A50000B0A50000B0;
			remoteInfo = JSONCanonicalization;
		};
/* End PBXContainerItemProxy section */

/* Begin PBXFileReference section */
		0999C71A91147E5F052667EC /* KeyXPCClientTransport.swift */ = {isa = PBXFileReference; lastKnownFileType = sourcecode.swift; path = KeyXPCClientTransport.swift; sourceTree = "<group>"; };
		31C5D8A7B28E4C5FA4E91D20 /* VaultLocationResolver.swift */ = {isa = PBXFileReference; lastKnownFileType = sourcecode.swift; path = VaultLocationResolver.swift; sourceTree = "<group>"; };
		395A88A800D635A7EF9FE33F /* libKeyCore.a */ = {isa = PBXFileReference; explicitFileType = archive.ar; includeInIndex = 0; path = libKeyCore.a; sourceTree = BUILT_PRODUCTS_DIR; };
		3BA14FD6F79F2CBF3291CEE5 /* Key Agent.app */ = {isa = PBXFileReference; explicitFileType = wrapper.application; includeInIndex = 0; path = "Key Agent.app"; sourceTree = BUILT_PRODUCTS_DIR; };
		4E86CB92C583D90F5DEF67D4 /* KeyCLIApplication.swift */ = {isa = PBXFileReference; lastKnownFileType = sourcecode.swift; path = KeyCLIApplication.swift; sourceTree = "<group>"; };
		4E30B55D83074B50959E72C6 /* SessionVaultKeyStore.swift */ = {isa = PBXFileReference; lastKnownFileType = sourcecode.swift; path = SessionVaultKeyStore.swift; sourceTree = "<group>"; };
		55257994DEF9CC6144A32E16 /* KeyServiceProtocol.swift */ = {isa = PBXFileReference; lastKnownFileType = sourcecode.swift; path = KeyServiceProtocol.swift; sourceTree = "<group>"; };
		5545BFD05D0DBC600CFCEDA7 /* KeyUtilityApp.swift */ = {isa = PBXFileReference; lastKnownFileType = sourcecode.swift; path = KeyUtilityApp.swift; sourceTree = "<group>"; };
		55AE435B2F63568900124FD6 /* AppIcon.icon */ = {isa = PBXFileReference; lastKnownFileType = folder.iconcomposer.icon; path = AppIcon.icon; sourceTree = "<group>"; };
		5E585E32FBAF3D8FD5F64230 /* EntryStore.swift */ = {isa = PBXFileReference; lastKnownFileType = sourcecode.swift; path = EntryStore.swift; sourceTree = "<group>"; };
		76DB380BC4A9ECD7FE009152 /* main.swift */ = {isa = PBXFileReference; lastKnownFileType = sourcecode.swift; path = main.swift; sourceTree = "<group>"; };
		81B97AA4A2EA5FF5B9CD3FCA /* SecretFile.swift */ = {isa = PBXFileReference; lastKnownFileType = sourcecode.swift; path = SecretFile.swift; sourceTree = "<group>"; };
		8794D82E2F27E7B9F3B9EE11 /* SecretEntryType.swift */ = {isa = PBXFileReference; lastKnownFileType = sourcecode.swift; path = SecretEntryType.swift; sourceTree = "<group>"; };
		855E71C8AF61988A885402D9 /* InputOutput.swift */ = {isa = PBXFileReference; lastKnownFileType = sourcecode.swift; path = InputOutput.swift; sourceTree = "<group>"; };
		89D0AC29AD8740A9B3D2B6E6 /* KeyDashboardSupport.swift */ = {isa = PBXFileReference; lastKnownFileType = sourcecode.swift; path = KeyDashboardSupport.swift; sourceTree = "<group>"; };
		9E2ADEBF64DA8CE4DCDEF252 /* KeyServiceHandler.swift */ = {isa = PBXFileReference; lastKnownFileType = sourcecode.swift; path = KeyServiceHandler.swift; sourceTree = "<group>"; };
		B094CFE4AAED257F0AB41EDF /* VaultKeyStore.swift */ = {isa = PBXFileReference; lastKnownFileType = sourcecode.swift; path = VaultKeyStore.swift; sourceTree = "<group>"; };
		B4EE3B938E39AE66CAB3E79B /* Key.app */ = {isa = PBXFileReference; explicitFileType = wrapper.application; includeInIndex = 0; path = Key.app; sourceTree = BUILT_PRODUCTS_DIR; };
		C102A11A7D2649A69B136102 /* HelperLifecycleController.swift */ = {isa = PBXFileReference; lastKnownFileType = sourcecode.swift; path = HelperLifecycleController.swift; sourceTree = "<group>"; };
		BA3251E5B71729E191F7889A /* Command.swift */ = {isa = PBXFileReference; lastKnownFileType = sourcecode.swift; path = Command.swift; sourceTree = "<group>"; };
		DE09A18FF4CC11995E958F80 /* AppError.swift */ = {isa = PBXFileReference; lastKnownFileType = sourcecode.swift; path = AppError.swift; sourceTree = "<group>"; };
		E1EE5012D730E62376078026 /* ClipboardWriting.swift */ = {isa = PBXFileReference; lastKnownFileType = sourcecode.swift; path = ClipboardWriting.swift; sourceTree = "<group>"; };
		E75E106051E70081357FBACF /* key */ = {isa = PBXFileReference; explicitFileType = "compiled.mach-o.executable"; includeInIndex = 0; path = key; sourceTree = BUILT_PRODUCTS_DIR; };
		E7E80100701CDE5C7C14F9AB /* main.swift */ = {isa = PBXFileReference; lastKnownFileType = sourcecode.swift; path = main.swift; sourceTree = "<group>"; };
		E827F7A4531EEAF53BCF3AA5 /* SystemClipboardWriter.swift */ = {isa = PBXFileReference; lastKnownFileType = sourcecode.swift; path = SystemClipboardWriter.swift; sourceTree = "<group>"; };
		F19B0116010713B57BC705BE /* RuntimeConfiguration.swift */ = {isa = PBXFileReference; lastKnownFileType = sourcecode.swift; path = RuntimeConfiguration.swift; sourceTree = "<group>"; };
		F35BE94A97915FDC6921A8F0 /* VaultCipher.swift */ = {isa = PBXFileReference; lastKnownFileType = sourcecode.swift; path = VaultCipher.swift; sourceTree = "<group>"; };
		FF28C31FF780A4FCCB3294D7 /* CLIParser.swift */ = {isa = PBXFileReference; lastKnownFileType = sourcecode.swift; path = CLIParser.swift; sourceTree = "<group>"; };
		A3A8B5F52B03F55CDB345501 /* TOTPGenerator.swift */ = {isa = PBXFileReference; lastKnownFileType = sourcecode.swift; path = TOTPGenerator.swift; sourceTree = "<group>"; };
		A2090002A2090002A2090002 /* V2MigrationPreflight.swift */ = {isa = PBXFileReference; lastKnownFileType = sourcecode.swift; path = V2MigrationPreflight.swift; sourceTree = "<group>"; };
		A2090004A2090004A2090004 /* V3FormatValidation.swift */ = {isa = PBXFileReference; lastKnownFileType = sourcecode.swift; path = V3FormatValidation.swift; sourceTree = "<group>"; };
		A3010002A3010002A3010002 /* VaultRootDirectoryHandle.swift */ = {isa = PBXFileReference; lastKnownFileType = sourcecode.swift; path = VaultRootDirectoryHandle.swift; sourceTree = "<group>"; };
		A3020002A3020002A3020002 /* VaultPathResolver.swift */ = {isa = PBXFileReference; lastKnownFileType = sourcecode.swift; path = VaultPathResolver.swift; sourceTree = "<group>"; };
		A3030002A3030002A3030002 /* VaultProviderNamePolicy.swift */ = {isa = PBXFileReference; lastKnownFileType = sourcecode.swift; path = VaultProviderNamePolicy.swift; sourceTree = "<group>"; };
		A3040002A3040002A3040002 /* VaultContainedMutation.swift */ = {isa = PBXFileReference; lastKnownFileType = sourcecode.swift; path = VaultContainedMutation.swift; sourceTree = "<group>"; };
		A4010002A4010002A4010002 /* VaultTransactionMutationOwner.swift */ = {isa = PBXFileReference; lastKnownFileType = sourcecode.swift; path = VaultTransactionMutationOwner.swift; sourceTree = "<group>"; };
		A4030002A4030002A4030002 /* Base64URL.swift */ = {isa = PBXFileReference; lastKnownFileType = sourcecode.swift; path = Base64URL.swift; sourceTree = "<group>"; };
		A4090002A4090002A4090002 /* VaultObservation.swift */ = {isa = PBXFileReference; lastKnownFileType = sourcecode.swift; path = VaultObservation.swift; sourceTree = "<group>"; };
		A4090012A4090012A4090012 /* VaultUXService.swift */ = {isa = PBXFileReference; lastKnownFileType = sourcecode.swift; path = VaultUXService.swift; sourceTree = "<group>"; };
		A5000002A5000002A5000002 /* CanonicalJSON.swift */ = {isa = PBXFileReference; lastKnownFileType = sourcecode.swift; path = CanonicalJSON.swift; sourceTree = "<group>"; };
		A5010002A5010002A5010002 /* V3EntryAuthenticationContext.swift */ = {isa = PBXFileReference; lastKnownFileType = sourcecode.swift; path = V3EntryAuthenticationContext.swift; sourceTree = "<group>"; };
		A5020002A5020002A5020002 /* V3EntryCipher.swift */ = {isa = PBXFileReference; lastKnownFileType = sourcecode.swift; path = V3EntryCipher.swift; sourceTree = "<group>"; };
		A5030002A5030002A5030002 /* V3ManifestAuthentication.swift */ = {isa = PBXFileReference; lastKnownFileType = sourcecode.swift; path = V3ManifestAuthentication.swift; sourceTree = "<group>"; };
		A5040002A5040002A5040002 /* V3ManifestReplayProtection.swift */ = {isa = PBXFileReference; lastKnownFileType = sourcecode.swift; path = V3ManifestReplayProtection.swift; sourceTree = "<group>"; };
		A5050002A5050002A5050002 /* V3ManifestCheckpointKeychainStore.swift */ = {isa = PBXFileReference; lastKnownFileType = sourcecode.swift; path = V3ManifestCheckpointKeychainStore.swift; sourceTree = "<group>"; };
		A5060002A5060002A5060002 /* V3ImmutableObjectFilesystem.swift */ = {isa = PBXFileReference; lastKnownFileType = sourcecode.swift; path = V3ImmutableObjectFilesystem.swift; sourceTree = "<group>"; };
		A5070002A5070002A5070002 /* V3ImmutableObjectRepository.swift */ = {isa = PBXFileReference; lastKnownFileType = sourcecode.swift; path = V3ImmutableObjectRepository.swift; sourceTree = "<group>"; };
		A5080002A5080002A5080002 /* V3ManifestReconciliation.swift */ = {isa = PBXFileReference; lastKnownFileType = sourcecode.swift; path = V3ManifestReconciliation.swift; sourceTree = "<group>"; };
		A5090002A5090002A5090002 /* V3ConflictObservation.swift */ = {isa = PBXFileReference; lastKnownFileType = sourcecode.swift; path = V3ConflictObservation.swift; sourceTree = "<group>"; };
		A50A0002A50A0002A50A0002 /* V3VaultObservation.swift */ = {isa = PBXFileReference; lastKnownFileType = sourcecode.swift; path = V3VaultObservation.swift; sourceTree = "<group>"; };
		A50B0002A50B0002A50B0002 /* V3VaultUXService.swift */ = {isa = PBXFileReference; lastKnownFileType = sourcecode.swift; path = V3VaultUXService.swift; sourceTree = "<group>"; };
		A50C0002A50C0002A50C0002 /* V3ReadPlan.swift */ = {isa = PBXFileReference; lastKnownFileType = sourcecode.swift; path = V3ReadPlan.swift; sourceTree = "<group>"; };
		A50D0002A50D0002A50D0002 /* V3ReadExecutor.swift */ = {isa = PBXFileReference; lastKnownFileType = sourcecode.swift; path = V3ReadExecutor.swift; sourceTree = "<group>"; };
		A50E0002A50E0002A50E0002 /* V3ReadOnlyVaultRuntime.swift */ = {isa = PBXFileReference; lastKnownFileType = sourcecode.swift; path = V3ReadOnlyVaultRuntime.swift; sourceTree = "<group>"; };
		A50F0002A50F0002A50F0002 /* VaultReadService.swift */ = {isa = PBXFileReference; lastKnownFileType = sourcecode.swift; path = VaultReadService.swift; sourceTree = "<group>"; };
		A5120002A5120002A5120002 /* V3LocalMigration.swift */ = {isa = PBXFileReference; lastKnownFileType = sourcecode.swift; path = V3LocalMigration.swift; sourceTree = "<group>"; };
		A5130002A5130002A5130002 /* V3ImmutableObjectPublicationFilesystem.swift */ = {isa = PBXFileReference; lastKnownFileType = sourcecode.swift; path = V3ImmutableObjectPublicationFilesystem.swift; sourceTree = "<group>"; };
		A5140002A5140002A5140002 /* V3AtomicStagedObjectWriter.swift */ = {isa = PBXFileReference; lastKnownFileType = sourcecode.swift; path = V3AtomicStagedObjectWriter.swift; sourceTree = "<group>"; };
		A5150002A5150002A5150002 /* V3LocalGenesisBuilder.swift */ = {isa = PBXFileReference; lastKnownFileType = sourcecode.swift; path = V3LocalGenesisBuilder.swift; sourceTree = "<group>"; };
		A5160002A5160002A5160002 /* V3ImmutableObjectPublishing.swift */ = {isa = PBXFileReference; lastKnownFileType = sourcecode.swift; path = V3ImmutableObjectPublishing.swift; sourceTree = "<group>"; };
		A5170002A5170002A5170002 /* V3EnrollmentProtocol.swift */ = {isa = PBXFileReference; lastKnownFileType = sourcecode.swift; path = V3EnrollmentProtocol.swift; sourceTree = "<group>"; };
		A5180002A5180002A5180002 /* V3P256Signature.swift */ = {isa = PBXFileReference; lastKnownFileType = sourcecode.swift; path = V3P256Signature.swift; sourceTree = "<group>"; };
		A5190002A5190002A5190002 /* V3EnrollmentAuthentication.swift */ = {isa = PBXFileReference; lastKnownFileType = sourcecode.swift; path = V3EnrollmentAuthentication.swift; sourceTree = "<group>"; };
		A5200002A5200002A5200002 /* V3EnrollmentDeviceIdentityStore.swift */ = {isa = PBXFileReference; lastKnownFileType = sourcecode.swift; path = V3EnrollmentDeviceIdentityStore.swift; sourceTree = "<group>"; };
		A5210002A5210002A5210002 /* V3EnrollmentMailbox.swift */ = {isa = PBXFileReference; lastKnownFileType = sourcecode.swift; path = V3EnrollmentMailbox.swift; sourceTree = "<group>"; };
		A5220002A5220002A5220002 /* V3EnrollmentCeremonyState.swift */ = {isa = PBXFileReference; lastKnownFileType = sourcecode.swift; path = V3EnrollmentCeremonyState.swift; sourceTree = "<group>"; };
		A5230002A5230002A5230002 /* V3EnrollmentCeremonyStateKeychainStore.swift */ = {isa = PBXFileReference; lastKnownFileType = sourcecode.swift; path = V3EnrollmentCeremonyStateKeychainStore.swift; sourceTree = "<group>"; };
		A5240002A5240002A5240002 /* V3EnrollmentExchangeCoordinator.swift */ = {isa = PBXFileReference; lastKnownFileType = sourcecode.swift; path = V3EnrollmentExchangeCoordinator.swift; sourceTree = "<group>"; };
		A5250002A5250002A5250002 /* V3EnrollmentVaultKeyWrapping.swift */ = {isa = PBXFileReference; lastKnownFileType = sourcecode.swift; path = V3EnrollmentVaultKeyWrapping.swift; sourceTree = "<group>"; };
		A5260002A5260002A5260002 /* V3EnrollmentOwnerTransition.swift */ = {isa = PBXFileReference; lastKnownFileType = sourcecode.swift; path = V3EnrollmentOwnerTransition.swift; sourceTree = "<group>"; };
		A5270002A5270002A5270002 /* V3EnrollmentOwnerApprovalCoordinator.swift */ = {isa = PBXFileReference; lastKnownFileType = sourcecode.swift; path = V3EnrollmentOwnerApprovalCoordinator.swift; sourceTree = "<group>"; };
		A5280002A5280002A5280002 /* V3ManifestAncestryObservation.swift */ = {isa = PBXFileReference; lastKnownFileType = sourcecode.swift; path = V3ManifestAncestryObservation.swift; sourceTree = "<group>"; };
		A5290002A5290002A5290002 /* V3EnrollmentAdoption.swift */ = {isa = PBXFileReference; lastKnownFileType = sourcecode.swift; path = V3EnrollmentAdoption.swift; sourceTree = "<group>"; };
		A5300002A5300002A5300002 /* V3EnrollmentWorkflow.swift */ = {isa = PBXFileReference; lastKnownFileType = sourcecode.swift; path = V3EnrollmentWorkflow.swift; sourceTree = "<group>"; };
		A50000A0A50000A0A50000A0 /* libJSONCanonicalization.a */ = {isa = PBXFileReference; explicitFileType = archive.ar; includeInIndex = 0; path = libJSONCanonicalization.a; sourceTree = BUILT_PRODUCTS_DIR; };
/* End PBXFileReference section */

/* Begin PBXFrameworksBuildPhase section */
		2B31DF9D21304F93B6A5D2FB /* Frameworks */ = {
			isa = PBXFrameworksBuildPhase;
			buildActionMask = 2147483647;
			files = (
				11A1C24BB4C342B4948D95FE /* libKeyCore.a in Frameworks */,
				A5000011A5000011A5000011 /* libJSONCanonicalization.a in Frameworks */,
			);
			runOnlyForDeploymentPostprocessing = 0;
		};
		51F8103CDC11EA9369126185 /* Frameworks */ = {
			isa = PBXFrameworksBuildPhase;
			buildActionMask = 2147483647;
			files = (
				0E471F29FE657B084CEAD58B /* libKeyCore.a in Frameworks */,
				A5000012A5000012A5000012 /* libJSONCanonicalization.a in Frameworks */,
			);
			runOnlyForDeploymentPostprocessing = 0;
		};
		DF3E0B2A38CCF99634DE573D /* Frameworks */ = {
			isa = PBXFrameworksBuildPhase;
			buildActionMask = 2147483647;
			files = (
				A15F350B2230881FFC292742 /* libKeyCore.a in Frameworks */,
				A5000013A5000013A5000013 /* libJSONCanonicalization.a in Frameworks */,
			);
			runOnlyForDeploymentPostprocessing = 0;
		};
/* End PBXFrameworksBuildPhase section */

/* Begin PBXGroup section */
		020AE8C28223A19B373FD085 /* KeyCore */ = {
			isa = PBXGroup;
			children = (
				DE09A18FF4CC11995E958F80 /* AppError.swift */,
				A4030002A4030002A4030002 /* Base64URL.swift */,
				FF28C31FF780A4FCCB3294D7 /* CLIParser.swift */,
				E1EE5012D730E62376078026 /* ClipboardWriting.swift */,
				BA3251E5B71729E191F7889A /* Command.swift */,
				5E585E32FBAF3D8FD5F64230 /* EntryStore.swift */,
				C102A11A7D2649A69B136102 /* HelperLifecycleController.swift */,
				855E71C8AF61988A885402D9 /* InputOutput.swift */,
				89D0AC29AD8740A9B3D2B6E6 /* KeyDashboardSupport.swift */,
				4E86CB92C583D90F5DEF67D4 /* KeyCLIApplication.swift */,
				9E2ADEBF64DA8CE4DCDEF252 /* KeyServiceHandler.swift */,
				55257994DEF9CC6144A32E16 /* KeyServiceProtocol.swift */,
				0999C71A91147E5F052667EC /* KeyXPCClientTransport.swift */,
				F19B0116010713B57BC705BE /* RuntimeConfiguration.swift */,
				4E30B55D83074B50959E72C6 /* SessionVaultKeyStore.swift */,
				81B97AA4A2EA5FF5B9CD3FCA /* SecretFile.swift */,
				8794D82E2F27E7B9F3B9EE11 /* SecretEntryType.swift */,
				A3A8B5F52B03F55CDB345501 /* TOTPGenerator.swift */,
				A2090002A2090002A2090002 /* V2MigrationPreflight.swift */,
				A5090002A5090002A5090002 /* V3ConflictObservation.swift */,
				A5010002A5010002A5010002 /* V3EntryAuthenticationContext.swift */,
				A5020002A5020002A5020002 /* V3EntryCipher.swift */,
				A2090004A2090004A2090004 /* V3FormatValidation.swift */,
				A5060002A5060002A5060002 /* V3ImmutableObjectFilesystem.swift */,
				A5070002A5070002A5070002 /* V3ImmutableObjectRepository.swift */,
				A5030002A5030002A5030002 /* V3ManifestAuthentication.swift */,
				A5050002A5050002A5050002 /* V3ManifestCheckpointKeychainStore.swift */,
				A5080002A5080002A5080002 /* V3ManifestReconciliation.swift */,
				A5040002A5040002A5040002 /* V3ManifestReplayProtection.swift */,
				A50D0002A50D0002A50D0002 /* V3ReadExecutor.swift */,
				A50E0002A50E0002A50E0002 /* V3ReadOnlyVaultRuntime.swift */,
				A50C0002A50C0002A50C0002 /* V3ReadPlan.swift */,
				A50A0002A50A0002A50A0002 /* V3VaultObservation.swift */,
				A50B0002A50B0002A50B0002 /* V3VaultUXService.swift */,
				F35BE94A97915FDC6921A8F0 /* VaultCipher.swift */,
				31C5D8A7B28E4C5FA4E91D20 /* VaultLocationResolver.swift */,
				A3010002A3010002A3010002 /* VaultRootDirectoryHandle.swift */,
				A3020002A3020002A3020002 /* VaultPathResolver.swift */,
				A3030002A3030002A3030002 /* VaultProviderNamePolicy.swift */,
				A3040002A3040002A3040002 /* VaultContainedMutation.swift */,
				A4090002A4090002A4090002 /* VaultObservation.swift */,
				A50F0002A50F0002A50F0002 /* VaultReadService.swift */,
				A5120002A5120002A5120002 /* V3LocalMigration.swift */,
				A5130002A5130002A5130002 /* V3ImmutableObjectPublicationFilesystem.swift */,
				A5140002A5140002A5140002 /* V3AtomicStagedObjectWriter.swift */,
				A5150002A5150002A5150002 /* V3LocalGenesisBuilder.swift */,
				A5160002A5160002A5160002 /* V3ImmutableObjectPublishing.swift */,
				A5170002A5170002A5170002 /* V3EnrollmentProtocol.swift */,
				A5180002A5180002A5180002 /* V3P256Signature.swift */,
				A5190002A5190002A5190002 /* V3EnrollmentAuthentication.swift */,
				A5200002A5200002A5200002 /* V3EnrollmentDeviceIdentityStore.swift */,
				A5210002A5210002A5210002 /* V3EnrollmentMailbox.swift */,
				A5220002A5220002A5220002 /* V3EnrollmentCeremonyState.swift */,
				A5230002A5230002A5230002 /* V3EnrollmentCeremonyStateKeychainStore.swift */,
				A5240002A5240002A5240002 /* V3EnrollmentExchangeCoordinator.swift */,
				A5250002A5250002A5250002 /* V3EnrollmentVaultKeyWrapping.swift */,
				A5260002A5260002A5260002 /* V3EnrollmentOwnerTransition.swift */,
				A5270002A5270002A5270002 /* V3EnrollmentOwnerApprovalCoordinator.swift */,
				A5280002A5280002A5280002 /* V3ManifestAncestryObservation.swift */,
				A5290002A5290002A5290002 /* V3EnrollmentAdoption.swift */,
				A5300002A5300002A5300002 /* V3EnrollmentWorkflow.swift */,
				A4090012A4090012A4090012 /* VaultUXService.swift */,
				A4010002A4010002A4010002 /* VaultTransactionMutationOwner.swift */,
				B094CFE4AAED257F0AB41EDF /* VaultKeyStore.swift */,
			);
			path = KeyCore;
			sourceTree = "<group>";
		};
		10D44FDB6A804BEA712BCF6F /* KeyLaunchAgentHelper */ = {
			isa = PBXGroup;
			children = (
				E7E80100701CDE5C7C14F9AB /* main.swift */,
			);
			path = KeyLaunchAgentHelper;
			sourceTree = "<group>";
		};
		A50000F0A50000F0A50000F0 /* JSONCanonicalization */ = {
			isa = PBXGroup;
			children = (
				A5000002A5000002A5000002 /* CanonicalJSON.swift */,
			);
			path = JSONCanonicalization;
			sourceTree = "<group>";
		};
		68E3A48CE4AE472480CEDDC2 = {
			isa = PBXGroup;
			children = (
				F9171D8593E4DE4782F5D9AA /* Sources */,
				85F4BBC8E3480B2592A6D5A0 /* Products */,
				55AE435B2F63568900124FD6 /* AppIcon.icon */,
			);
			sourceTree = "<group>";
		};
		85F4BBC8E3480B2592A6D5A0 /* Products */ = {
			isa = PBXGroup;
			children = (
				E75E106051E70081357FBACF /* key */,
				B4EE3B938E39AE66CAB3E79B /* Key.app */,
				3BA14FD6F79F2CBF3291CEE5 /* Key Agent.app */,
				395A88A800D635A7EF9FE33F /* libKeyCore.a */,
				A50000A0A50000A0A50000A0 /* libJSONCanonicalization.a */,
			);
			name = Products;
			sourceTree = "<group>";
		};
		A6DD4F6C04D16AE950103C90 /* key */ = {
			isa = PBXGroup;
			children = (
				76DB380BC4A9ECD7FE009152 /* main.swift */,
				E827F7A4531EEAF53BCF3AA5 /* SystemClipboardWriter.swift */,
			);
			path = key;
			sourceTree = "<group>";
		};
		F5F1F817A4860CC7EB2F9AF2 /* KeyUtilityApp */ = {
			isa = PBXGroup;
			children = (
				5545BFD05D0DBC600CFCEDA7 /* KeyUtilityApp.swift */,
			);
			path = KeyUtilityApp;
			sourceTree = "<group>";
		};
		F9171D8593E4DE4782F5D9AA /* Sources */ = {
			isa = PBXGroup;
			children = (
				A6DD4F6C04D16AE950103C90 /* key */,
				A50000F0A50000F0A50000F0 /* JSONCanonicalization */,
				020AE8C28223A19B373FD085 /* KeyCore */,
				F5F1F817A4860CC7EB2F9AF2 /* KeyUtilityApp */,
				10D44FDB6A804BEA712BCF6F /* KeyLaunchAgentHelper */,
			);
			path = Sources;
			sourceTree = "<group>";
		};
/* End PBXGroup section */

/* Begin PBXNativeTarget section */
		1CF695AE4EB1034DF9A169D2 /* KeyCLI */ = {
			isa = PBXNativeTarget;
			buildConfigurationList = 53ADE4DE8C914B3EBDDD6370 /* Build configuration list for PBXNativeTarget "KeyCLI" */;
			buildPhases = (
				90638F7C1BF7B98B7E684DC1 /* Sources */,
				51F8103CDC11EA9369126185 /* Frameworks */,
			);
			buildRules = (
			);
			dependencies = (
				BBB2766C39026BFE78EA2124 /* PBXTargetDependency */,
			);
			name = KeyCLI;
			packageProductDependencies = (
			);
			productName = KeyCLI;
			productReference = E75E106051E70081357FBACF /* key */;
			productType = "com.apple.product-type.tool";
		};
		32CD73D21740FC60396C1DA0 /* KeyApp */ = {
			isa = PBXNativeTarget;
			buildConfigurationList = 7F01659A6EE6B0DA349AB9EB /* Build configuration list for PBXNativeTarget "KeyApp" */;
			buildPhases = (
				EC35535AF35CA2336C0A9114 /* Sources */,
				2B31DF9D21304F93B6A5D2FB /* Frameworks */,
				43CB91789D0D98659395FA60 /* Resources */,
				7A27356F69610045B0D25F0F /* Embed CLI and LaunchAgent helper */,
			);
			buildRules = (
			);
			dependencies = (
				91A56FC9496C0E9FA19ECA87 /* PBXTargetDependency */,
				85D5705D21D6DF41A9C94EEB /* PBXTargetDependency */,
				9D839F63C6D6474A87854EAF /* PBXTargetDependency */,
			);
			name = KeyApp;
			packageProductDependencies = (
			);
			productName = KeyApp;
			productReference = B4EE3B938E39AE66CAB3E79B /* Key.app */;
			productType = "com.apple.product-type.application";
		};
		8ADEB08555D7682AFB0C97A3 /* KeyCore */ = {
			isa = PBXNativeTarget;
			buildConfigurationList = 6E2826F49F33D976AECE1ABF /* Build configuration list for PBXNativeTarget "KeyCore" */;
			buildPhases = (
				CCA0E08CEA58FC9136784A92 /* Sources */,
				A8FB063C683BB17899FB3E36 /* Copy Swift Objective-C Interface Header */,
			);
			buildRules = (
			);
			dependencies = (
				A50000E1A50000E1A50000E1 /* PBXTargetDependency */,
			);
			name = KeyCore;
			packageProductDependencies = (
			);
			productName = KeyCore;
			productReference = 395A88A800D635A7EF9FE33F /* libKeyCore.a */;
			productType = "com.apple.product-type.library.static";
		};
		A50000B0A50000B0A50000B0 /* JSONCanonicalization */ = {
			isa = PBXNativeTarget;
			buildConfigurationList = A50000D0A50000D0A50000D0 /* Build configuration list for PBXNativeTarget "JSONCanonicalization" */;
			buildPhases = (
				A50000C0A50000C0A50000C0 /* Sources */,
			);
			buildRules = (
			);
			dependencies = (
			);
			name = JSONCanonicalization;
			packageProductDependencies = (
			);
			productName = JSONCanonicalization;
			productReference = A50000A0A50000A0A50000A0 /* libJSONCanonicalization.a */;
			productType = "com.apple.product-type.library.static";
		};
		A776B37E9AF0E71BC5A8C3F2 /* KeyLaunchAgentHelper */ = {
			isa = PBXNativeTarget;
			buildConfigurationList = 26D72E7DD31747DC5F271ED1 /* Build configuration list for PBXNativeTarget "KeyLaunchAgentHelper" */;
			buildPhases = (
				18FF1448408D41606F455BB0 /* Sources */,
				DF3E0B2A38CCF99634DE573D /* Frameworks */,
				DFF6D4375E5B4A7B83FCF511 /* Resources */,
			);
			buildRules = (
			);
			dependencies = (
				9A16BC62F53FE6ED1C89A585 /* PBXTargetDependency */,
			);
			name = KeyLaunchAgentHelper;
			packageProductDependencies = (
			);
			productName = KeyLaunchAgentHelper;
			productReference = 3BA14FD6F79F2CBF3291CEE5 /* Key Agent.app */;
			productType = "com.apple.product-type.application";
		};
/* End PBXNativeTarget section */

/* Begin PBXProject section */
		986EA7B2F1EA72BF555E9C36 /* Project object */ = {
			isa = PBXProject;
			attributes = {
				BuildIndependentTargetsInParallel = YES;
				LastUpgradeCheck = 2630;
				TargetAttributes = {
					1CF695AE4EB1034DF9A169D2 = {
						DevelopmentTeam = 9Q355KSV85;
					};
					32CD73D21740FC60396C1DA0 = {
						DevelopmentTeam = 9Q355KSV85;
					};
					8ADEB08555D7682AFB0C97A3 = {
						DevelopmentTeam = 9Q355KSV85;
					};
					A50000B0A50000B0A50000B0 = {
						DevelopmentTeam = 9Q355KSV85;
					};
				};
			};
			buildConfigurationList = A9C7896D2EC46A7749553536 /* Build configuration list for PBXProject "Key" */;
			developmentRegion = en;
			hasScannedForEncodings = 0;
			knownRegions = (
				Base,
				en,
			);
			mainGroup = 68E3A48CE4AE472480CEDDC2;
			minimizedProjectReferenceProxies = 1;
			preferredProjectObjectVersion = 77;
			productRefGroup = 85F4BBC8E3480B2592A6D5A0 /* Products */;
			projectDirPath = "";
			projectRoot = "";
			targets = (
				32CD73D21740FC60396C1DA0 /* KeyApp */,
				1CF695AE4EB1034DF9A169D2 /* KeyCLI */,
				8ADEB08555D7682AFB0C97A3 /* KeyCore */,
				A50000B0A50000B0A50000B0 /* JSONCanonicalization */,
				A776B37E9AF0E71BC5A8C3F2 /* KeyLaunchAgentHelper */,
			);
		};
/* End PBXProject section */

/* Begin PBXResourcesBuildPhase section */
		43CB91789D0D98659395FA60 /* Resources */ = {
			isa = PBXResourcesBuildPhase;
			buildActionMask = 2147483647;
			files = (
				57EEC874B15B0F76B486E12A /* AppIcon.icon in Resources */,
			);
			runOnlyForDeploymentPostprocessing = 0;
		};
		DFF6D4375E5B4A7B83FCF511 /* Resources */ = {
			isa = PBXResourcesBuildPhase;
			buildActionMask = 2147483647;
			files = (
				5FEC7A6B80C84ABF96BB0942 /* AppIcon.icon in Resources */,
			);
			runOnlyForDeploymentPostprocessing = 0;
		};
/* End PBXResourcesBuildPhase section */

/* Begin PBXShellScriptBuildPhase section */
		7A27356F69610045B0D25F0F /* Embed CLI and LaunchAgent helper */ = {
			isa = PBXShellScriptBuildPhase;
			buildActionMask = 2147483647;
			files = (
			);
			inputFileListPaths = (
			);
			inputPaths = (
				"$(BUILT_PRODUCTS_DIR)/key",
				"$(BUILT_PRODUCTS_DIR)/Key Agent.app",
				"$(PROJECT_DIR)/Config/work.tvr.key.agent.plist",
			);
			name = "Embed CLI and LaunchAgent helper";
			outputFileListPaths = (
			);
			outputPaths = (
				"$(TARGET_BUILD_DIR)/$(CONTENTS_FOLDER_PATH)/MacOS/key",
				"$(TARGET_BUILD_DIR)/$(CONTENTS_FOLDER_PATH)/Helpers/Key Agent.app",
				"$(TARGET_BUILD_DIR)/$(CONTENTS_FOLDER_PATH)/Library/LaunchAgents/work.tvr.key.agent.plist",
			);
			runOnlyForDeploymentPostprocessing = 0;
			shellPath = /bin/sh;
			shellScript = "set -euo pipefail\nmacos_dir=\"${TARGET_BUILD_DIR}/${CONTENTS_FOLDER_PATH}/MacOS\"\nhelpers_dir=\"${TARGET_BUILD_DIR}/${CONTENTS_FOLDER_PATH}/Helpers\"\nlaunch_agents_dir=\"${TARGET_BUILD_DIR}/${CONTENTS_FOLDER_PATH}/Library/LaunchAgents\"\nbuilt_helper_path=\"${BUILT_PRODUCTS_DIR}/Key Agent.app\"\nembedded_cli_path=\"${macos_dir}/key\"\nembedded_helper_path=\"${helpers_dir}/Key Agent.app\"\nembedded_launch_agent_path=\"${launch_agents_dir}/work.tvr.key.agent.plist\"\nmkdir -p \"${macos_dir}\" \"${helpers_dir}\" \"${launch_agents_dir}\"\nditto \"${BUILT_PRODUCTS_DIR}/key\" \"${embedded_cli_path}\"\nrm -rf \"${embedded_helper_path}\"\nditto \"${built_helper_path}\" \"${embedded_helper_path}\"\nditto \"${PROJECT_DIR}/Config/work.tvr.key.agent.plist\" \"${embedded_launch_agent_path}\"\nif [[ \"${CODE_SIGNING_ALLOWED:-NO}\" == \"YES\" ]]; then\n  if [[ \"${CONFIGURATION}\" == \"Release\" ]]; then\n    /usr/bin/codesign --force --sign \"${EXPANDED_CODE_SIGN_IDENTITY}\" --identifier \"work.tvr.key.cli\" --timestamp --options runtime --generate-entitlement-der \"${embedded_cli_path}\"\n  else\n    /usr/bin/codesign --force --sign \"${EXPANDED_CODE_SIGN_IDENTITY}\" --identifier \"work.tvr.key.cli\" --generate-entitlement-der \"${embedded_cli_path}\"\n  fi\nfi\nif [[ \"${CODE_SIGNING_ALLOWED:-NO}\" == \"YES\" && \"${CONFIGURATION}\" == \"Release\" ]]; then\n  helper_entitlements=\"${PROJECT_DIR}/Config/KeyLaunchAgentHelper.entitlements\"\n  /usr/bin/codesign --force --sign \"${EXPANDED_CODE_SIGN_IDENTITY}\" --timestamp --options runtime --entitlements \"${helper_entitlements}\" --generate-entitlement-der \"${embedded_helper_path}\"\nfi\n";
		};
		A8FB063C683BB17899FB3E36 /* Copy Swift Objective-C Interface Header */ = {
			isa = PBXShellScriptBuildPhase;
			buildActionMask = 2147483647;
			files = (
			);
			inputPaths = (
				"$(DERIVED_SOURCES_DIR)/$(SWIFT_OBJC_INTERFACE_HEADER_NAME)",
			);
			name = "Copy Swift Objective-C Interface Header";
			outputPaths = (
				"$(BUILT_PRODUCTS_DIR)/include/$(PRODUCT_MODULE_NAME)/$(SWIFT_OBJC_INTERFACE_HEADER_NAME)",
			);
			runOnlyForDeploymentPostprocessing = 0;
			shellPath = /bin/sh;
			shellScript = "ditto \"${SCRIPT_INPUT_FILE_0}\" \"${SCRIPT_OUTPUT_FILE_0}\"\n";
		};
/* End PBXShellScriptBuildPhase section */

/* Begin PBXSourcesBuildPhase section */
		18FF1448408D41606F455BB0 /* Sources */ = {
			isa = PBXSourcesBuildPhase;
			buildActionMask = 2147483647;
			files = (
				E50676FB896C20975843E925 /* main.swift in Sources */,
			);
			runOnlyForDeploymentPostprocessing = 0;
		};
		90638F7C1BF7B98B7E684DC1 /* Sources */ = {
			isa = PBXSourcesBuildPhase;
			buildActionMask = 2147483647;
			files = (
				BCE7D9A786F2E2489DE3ACCB /* SystemClipboardWriter.swift in Sources */,
				CC2B47A4B45D4DA85E9C209D /* main.swift in Sources */,
			);
			runOnlyForDeploymentPostprocessing = 0;
		};
		CCA0E08CEA58FC9136784A92 /* Sources */ = {
			isa = PBXSourcesBuildPhase;
			buildActionMask = 2147483647;
			files = (
				3E06CBB9790C0F544B940F1B /* AppError.swift in Sources */,
				A4030001A4030001A4030001 /* Base64URL.swift in Sources */,
				B611695A8D40D95DE0EF69BD /* CLIParser.swift in Sources */,
				70A1989598F246AF88CA0C88 /* ClipboardWriting.swift in Sources */,
				AC467D3A21454DE3CB9394E3 /* Command.swift in Sources */,
				D4D0ACDBCDB375050F096CEC /* EntryStore.swift in Sources */,
				C101A11A7D2649A69B136101 /* HelperLifecycleController.swift in Sources */,
				2FF48E342F108FF694BDB515 /* InputOutput.swift in Sources */,
				8D9C2B13AA1B4A669F62CB2A /* KeyDashboardSupport.swift in Sources */,
				B4BE69F25B811392D2FBBE3C /* KeyCLIApplication.swift in Sources */,
				851434753ACA4A4ED0733FEB /* KeyServiceHandler.swift in Sources */,
				545DE475C8F5F883DB08A529 /* KeyServiceProtocol.swift in Sources */,
				8B2342C883974B121AB07C37 /* KeyXPCClientTransport.swift in Sources */,
				240E840B493F129EF5D4413B /* RuntimeConfiguration.swift in Sources */,
				E9B24E7F8C7042A2A783D53D /* SessionVaultKeyStore.swift in Sources */,
				873C78C8D57CEF7EBA418B73 /* SecretFile.swift in Sources */,
				8794D82F2F27E7B9F3B9EE11 /* SecretEntryType.swift in Sources */,
				A3A8B5F62B03F55CDB345501 /* TOTPGenerator.swift in Sources */,
				A2090001A2090001A2090001 /* V2MigrationPreflight.swift in Sources */,
				A5090001A5090001A5090001 /* V3ConflictObservation.swift in Sources */,
				A5010001A5010001A5010001 /* V3EntryAuthenticationContext.swift in Sources */,
				A5020001A5020001A5020001 /* V3EntryCipher.swift in Sources */,
				A2090003A2090003A2090003 /* V3FormatValidation.swift in Sources */,
				A5060001A5060001A5060001 /* V3ImmutableObjectFilesystem.swift in Sources */,
				A5070001A5070001A5070001 /* V3ImmutableObjectRepository.swift in Sources */,
				A5030001A5030001A5030001 /* V3ManifestAuthentication.swift in Sources */,
				A5050001A5050001A5050001 /* V3ManifestCheckpointKeychainStore.swift in Sources */,
				A5080001A5080001A5080001 /* V3ManifestReconciliation.swift in Sources */,
				A5040001A5040001A5040001 /* V3ManifestReplayProtection.swift in Sources */,
				A50D0001A50D0001A50D0001 /* V3ReadExecutor.swift in Sources */,
				A50E0001A50E0001A50E0001 /* V3ReadOnlyVaultRuntime.swift in Sources */,
				A50C0001A50C0001A50C0001 /* V3ReadPlan.swift in Sources */,
				A50A0001A50A0001A50A0001 /* V3VaultObservation.swift in Sources */,
				A50B0001A50B0001A50B0001 /* V3VaultUXService.swift in Sources */,
				A3010001A3010001A3010001 /* VaultRootDirectoryHandle.swift in Sources */,
				A3020001A3020001A3020001 /* VaultPathResolver.swift in Sources */,
				A3030001A3030001A3030001 /* VaultProviderNamePolicy.swift in Sources */,
				A3040001A3040001A3040001 /* VaultContainedMutation.swift in Sources */,
				A4090001A4090001A4090001 /* VaultObservation.swift in Sources */,
				A50F0001A50F0001A50F0001 /* VaultReadService.swift in Sources */,
				A5120001A5120001A5120001 /* V3LocalMigration.swift in Sources */,
				A5130001A5130001A5130001 /* V3ImmutableObjectPublicationFilesystem.swift in Sources */,
				A5140001A5140001A5140001 /* V3AtomicStagedObjectWriter.swift in Sources */,
				A5150001A5150001A5150001 /* V3LocalGenesisBuilder.swift in Sources */,
				A5160001A5160001A5160001 /* V3ImmutableObjectPublishing.swift in Sources */,
				A5170001A5170001A5170001 /* V3EnrollmentProtocol.swift in Sources */,
				A5180001A5180001A5180001 /* V3P256Signature.swift in Sources */,
				A5190001A5190001A5190001 /* V3EnrollmentAuthentication.swift in Sources */,
				A5200001A5200001A5200001 /* V3EnrollmentDeviceIdentityStore.swift in Sources */,
				A5210001A5210001A5210001 /* V3EnrollmentMailbox.swift in Sources */,
				A5220001A5220001A5220001 /* V3EnrollmentCeremonyState.swift in Sources */,
				A5230001A5230001A5230001 /* V3EnrollmentCeremonyStateKeychainStore.swift in Sources */,
				A5240001A5240001A5240001 /* V3EnrollmentExchangeCoordinator.swift in Sources */,
				A5250001A5250001A5250001 /* V3EnrollmentVaultKeyWrapping.swift in Sources */,
				A5260001A5260001A5260001 /* V3EnrollmentOwnerTransition.swift in Sources */,
				A5270001A5270001A5270001 /* V3EnrollmentOwnerApprovalCoordinator.swift in Sources */,
				A5280001A5280001A5280001 /* V3ManifestAncestryObservation.swift in Sources */,
				A5290001A5290001A5290001 /* V3EnrollmentAdoption.swift in Sources */,
				A5300001A5300001A5300001 /* V3EnrollmentWorkflow.swift in Sources */,
				A4090011A4090011A4090011 /* VaultUXService.swift in Sources */,
				A4010001A4010001A4010001 /* VaultTransactionMutationOwner.swift in Sources */,
				2B8F1B84418A9F3C00F3BC6B /* VaultCipher.swift in Sources */,
				9FAE42E9C3A14B0F8D7E6A11 /* VaultLocationResolver.swift in Sources */,
				1B7D7F2E9AE24855D9046ED3 /* VaultKeyStore.swift in Sources */,
			);
			runOnlyForDeploymentPostprocessing = 0;
		};
		A50000C0A50000C0A50000C0 /* Sources */ = {
			isa = PBXSourcesBuildPhase;
			buildActionMask = 2147483647;
			files = (
				A5000001A5000001A5000001 /* CanonicalJSON.swift in Sources */,
			);
			runOnlyForDeploymentPostprocessing = 0;
		};
		EC35535AF35CA2336C0A9114 /* Sources */ = {
			isa = PBXSourcesBuildPhase;
			buildActionMask = 2147483647;
			files = (
				6D30C98FDE1EE6358276BB25 /* KeyUtilityApp.swift in Sources */,
			);
			runOnlyForDeploymentPostprocessing = 0;
		};
/* End PBXSourcesBuildPhase section */

/* Begin PBXTargetDependency section */
		85D5705D21D6DF41A9C94EEB /* PBXTargetDependency */ = {
			isa = PBXTargetDependency;
			target = A776B37E9AF0E71BC5A8C3F2 /* KeyLaunchAgentHelper */;
			targetProxy = 4CF304A12EB3EC377735DC81 /* PBXContainerItemProxy */;
		};
		91A56FC9496C0E9FA19ECA87 /* PBXTargetDependency */ = {
			isa = PBXTargetDependency;
			target = 1CF695AE4EB1034DF9A169D2 /* KeyCLI */;
			targetProxy = FEE385630CE7022994C7D053 /* PBXContainerItemProxy */;
		};
		9A16BC62F53FE6ED1C89A585 /* PBXTargetDependency */ = {
			isa = PBXTargetDependency;
			target = 8ADEB08555D7682AFB0C97A3 /* KeyCore */;
			targetProxy = 6BEBF4FC67DD0DDFC45FD37F /* PBXContainerItemProxy */;
		};
		BBB2766C39026BFE78EA2124 /* PBXTargetDependency */ = {
			isa = PBXTargetDependency;
			target = 8ADEB08555D7682AFB0C97A3 /* KeyCore */;
			targetProxy = D38F777BCA0735089ACD3916 /* PBXContainerItemProxy */;
		};
		9D839F63C6D6474A87854EAF /* PBXTargetDependency */ = {
			isa = PBXTargetDependency;
			target = 8ADEB08555D7682AFB0C97A3 /* KeyCore */;
			targetProxy = D38F777BCA0735089ACD3916 /* PBXContainerItemProxy */;
		};
		A50000E1A50000E1A50000E1 /* PBXTargetDependency */ = {
			isa = PBXTargetDependency;
			target = A50000B0A50000B0A50000B0 /* JSONCanonicalization */;
			targetProxy = A50000E0A50000E0A50000E0 /* PBXContainerItemProxy */;
		};
/* End PBXTargetDependency section */

/* Begin XCBuildConfiguration section */
		0F8AA84E0B96DC7202C20341 /* Release */ = {
			isa = XCBuildConfiguration;
			buildSettings = {
				ASSETCATALOG_COMPILER_APPICON_NAME = AppIcon;
				CODE_SIGN_ENTITLEMENTS = Config/Key.entitlements;
				CODE_SIGN_IDENTITY = "Developer ID Application";
				CODE_SIGN_STYLE = Manual;
				COMBINE_HIDPI_IMAGES = YES;
				DEAD_CODE_STRIPPING = YES;
				ENABLE_HARDENED_RUNTIME = YES;
				EXECUTABLE_NAME = KeyHost;
				GENERATE_INFOPLIST_FILE = NO;
				INFOPLIST_FILE = "Config/Key-Info.plist";
				INFOPLIST_KEY_LSApplicationCategoryType = "public.app-category.developer-tools";
				LD_RUNPATH_SEARCH_PATHS = (
					"$(inherited)",
					"@executable_path/../Frameworks",
				);
				MACOSX_DEPLOYMENT_TARGET = 26.0;
				PRODUCT_BUNDLE_IDENTIFIER = work.tvr.key.app;
				PRODUCT_NAME = Key;
				PROVISIONING_PROFILE_SPECIFIER = "Key App Developer ID";
				REMOVE_STATIC_EXECUTABLES_FROM_EMBEDDED_BUNDLES = NO;
				SDKROOT = macosx;
				SKIP_INSTALL = NO;
				SWIFT_EMIT_LOC_STRINGS = NO;
			};
			name = Release;
		};
		2EAFF9DCF95D07F3F0066EAC /* Debug */ = {
			isa = XCBuildConfiguration;
			buildSettings = {
				CODE_SIGN_STYLE = Automatic;
				COMBINE_HIDPI_IMAGES = YES;
				DEAD_CODE_STRIPPING = YES;
				DEVELOPMENT_TEAM = 9Q355KSV85;
				EXECUTABLE_NAME = key;
				LD_RUNPATH_SEARCH_PATHS = (
					"$(inherited)",
					"@executable_path/../Frameworks",
				);
				OTHER_LDFLAGS = (
					"$(inherited)",
					"-ObjC",
				);
				PRODUCT_NAME = key;
				PRODUCT_BUNDLE_IDENTIFIER = work.tvr.key.cli;
				SDKROOT = macosx;
				SKIP_INSTALL = YES;
				SWIFT_EMIT_LOC_STRINGS = NO;
			};
			name = Debug;
		};
		4B695AFEF8B7B5C12F50EE03 /* Debug */ = {
			isa = XCBuildConfiguration;
			buildSettings = {
				ALWAYS_SEARCH_USER_PATHS = NO;
				CLANG_ANALYZER_NONNULL = YES;
				CLANG_ANALYZER_NUMBER_OBJECT_CONVERSION = YES_AGGRESSIVE;
				CLANG_CXX_LANGUAGE_STANDARD = "gnu++14";
				CLANG_CXX_LIBRARY = "libc++";
				CLANG_ENABLE_MODULES = YES;
				CLANG_ENABLE_OBJC_ARC = YES;
				CLANG_ENABLE_OBJC_WEAK = YES;
				CLANG_WARN_BLOCK_CAPTURE_AUTORELEASING = YES;
				CLANG_WARN_BOOL_CONVERSION = YES;
				CLANG_WARN_COMMA = YES;
				CLANG_WARN_CONSTANT_CONVERSION = YES;
				CLANG_WARN_DEPRECATED_OBJC_IMPLEMENTATIONS = YES;
				CLANG_WARN_DIRECT_OBJC_ISA_USAGE = YES_ERROR;
				CLANG_WARN_DOCUMENTATION_COMMENTS = YES;
				CLANG_WARN_EMPTY_BODY = YES;
				CLANG_WARN_ENUM_CONVERSION = YES;
				CLANG_WARN_INFINITE_RECURSION = YES;
				CLANG_WARN_INT_CONVERSION = YES;
				CLANG_WARN_NON_LITERAL_NULL_CONVERSION = YES;
				CLANG_WARN_OBJC_IMPLICIT_RETAIN_SELF = YES;
				CLANG_WARN_OBJC_LITERAL_CONVERSION = YES;
				CLANG_WARN_OBJC_ROOT_CLASS = YES_ERROR;
				CLANG_WARN_QUOTED_INCLUDE_IN_FRAMEWORK_HEADER = YES;
				CLANG_WARN_RANGE_LOOP_ANALYSIS = YES;
				CLANG_WARN_STRICT_PROTOTYPES = YES;
				CLANG_WARN_SUSPICIOUS_MOVE = YES;
				CLANG_WARN_UNGUARDED_AVAILABILITY = YES_AGGRESSIVE;
				CLANG_WARN_UNREACHABLE_CODE = YES;
				CLANG_WARN__DUPLICATE_METHOD_MATCH = YES;
				COPY_PHASE_STRIP = NO;
				CURRENT_PROJECT_VERSION = 9;
				DEAD_CODE_STRIPPING = YES;
				DEBUG_INFORMATION_FORMAT = dwarf;
				DEVELOPMENT_TEAM = 9Q355KSV85;
				ENABLE_STRICT_OBJC_MSGSEND = YES;
				ENABLE_TESTABILITY = YES;
				ENABLE_USER_SCRIPT_SANDBOXING = NO;
				GCC_C_LANGUAGE_STANDARD = gnu11;
				GCC_DYNAMIC_NO_PIC = NO;
				GCC_NO_COMMON_BLOCKS = YES;
				GCC_OPTIMIZATION_LEVEL = 0;
				GCC_PREPROCESSOR_DEFINITIONS = (
					"$(inherited)",
					"DEBUG=1",
				);
				GCC_WARN_64_TO_32_BIT_CONVERSION = YES;
				GCC_WARN_ABOUT_RETURN_TYPE = YES_ERROR;
				GCC_WARN_UNDECLARED_SELECTOR = YES;
				GCC_WARN_UNINITIALIZED_AUTOS = YES_AGGRESSIVE;
				GCC_WARN_UNUSED_FUNCTION = YES;
				GCC_WARN_UNUSED_VARIABLE = YES;
				MACOSX_DEPLOYMENT_TARGET = 13.0;
				MARKETING_VERSION = 0.2.0-alpha.4;
				MTL_ENABLE_DEBUG_INFO = INCLUDE_SOURCE;
				MTL_FAST_MATH = YES;
				ONLY_ACTIVE_ARCH = YES;
				PRODUCT_NAME = "$(TARGET_NAME)";
				SDKROOT = macosx;
				STRING_CATALOG_GENERATE_SYMBOLS = YES;
				SWIFT_ACTIVE_COMPILATION_CONDITIONS = DEBUG;
				SWIFT_OPTIMIZATION_LEVEL = "-Onone";
				SWIFT_VERSION = 6.0;
			};
			name = Debug;
		};
		577164093649376F4ABEA3BB /* Release */ = {
			isa = XCBuildConfiguration;
			buildSettings = {
				ASSETCATALOG_COMPILER_APPICON_NAME = AppIcon;
				CODE_SIGN_ENTITLEMENTS = Config/KeyLaunchAgentHelper.entitlements;
				CODE_SIGN_IDENTITY = "Developer ID Application";
				CODE_SIGN_STYLE = Manual;
				COMBINE_HIDPI_IMAGES = YES;
				DEAD_CODE_STRIPPING = YES;
				DEVELOPMENT_TEAM = 9Q355KSV85;
				GENERATE_INFOPLIST_FILE = NO;
				INFOPLIST_FILE = "Config/KeyLaunchAgentHelper-Info.plist";
				EXECUTABLE_NAME = "Key Agent";
				ENABLE_HARDENED_RUNTIME = YES;
				LD_RUNPATH_SEARCH_PATHS = (
					"$(inherited)",
					"@executable_path/../Frameworks",
				);
				OTHER_LDFLAGS = (
					"$(inherited)",
					"-ObjC",
				);
				PRODUCT_BUNDLE_IDENTIFIER = work.tvr.key.xpc;
				PRODUCT_NAME = "Key Agent";
				PROVISIONING_PROFILE_SPECIFIER = "Key XPC Developer ID";
				SDKROOT = macosx;
				SKIP_INSTALL = YES;
			};
			name = Release;
		};
		5DF5C6AD65504853888FA540 /* Release */ = {
			isa = XCBuildConfiguration;
			buildSettings = {
				COMBINE_HIDPI_IMAGES = YES;
				DEAD_CODE_STRIPPING = YES;
				LD_RUNPATH_SEARCH_PATHS = (
					"$(inherited)",
					"@executable_path/../Frameworks",
				);
				MACH_O_TYPE = staticlib;
				PRODUCT_BUNDLE_IDENTIFIER = work.tvr.key.core;
				PRODUCT_NAME = KeyCore;
				SDKROOT = macosx;
				SKIP_INSTALL = YES;
			};
			name = Release;
		};
		6BBBF7FB903460A13A25835F /* Debug */ = {
			isa = XCBuildConfiguration;
			buildSettings = {
				ASSETCATALOG_COMPILER_APPICON_NAME = AppIcon;
				CODE_SIGN_ENTITLEMENTS = Config/KeyLaunchAgentHelper.entitlements;
				CODE_SIGN_STYLE = Automatic;
				COMBINE_HIDPI_IMAGES = YES;
				DEAD_CODE_STRIPPING = YES;
				EXECUTABLE_NAME = "Key Agent";
				GENERATE_INFOPLIST_FILE = NO;
				INFOPLIST_FILE = "Config/KeyLaunchAgentHelper-Info.plist";
				LD_RUNPATH_SEARCH_PATHS = (
					"$(inherited)",
					"@executable_path/../Frameworks",
				);
				OTHER_LDFLAGS = (
					"$(inherited)",
					"-ObjC",
				);
				PRODUCT_BUNDLE_IDENTIFIER = work.tvr.key.xpc;
				PRODUCT_NAME = "Key Agent";
				SDKROOT = macosx;
				SKIP_INSTALL = YES;
			};
			name = Debug;
		};
		7FA8DBAD2649844B0DD7F3D5 /* Release */ = {
			isa = XCBuildConfiguration;
			buildSettings = {
				ALWAYS_SEARCH_USER_PATHS = NO;
				CLANG_ANALYZER_NONNULL = YES;
				CLANG_ANALYZER_NUMBER_OBJECT_CONVERSION = YES_AGGRESSIVE;
				CLANG_CXX_LANGUAGE_STANDARD = "gnu++14";
				CLANG_CXX_LIBRARY = "libc++";
				CLANG_ENABLE_MODULES = YES;
				CLANG_ENABLE_OBJC_ARC = YES;
				CLANG_ENABLE_OBJC_WEAK = YES;
				CLANG_WARN_BLOCK_CAPTURE_AUTORELEASING = YES;
				CLANG_WARN_BOOL_CONVERSION = YES;
				CLANG_WARN_COMMA = YES;
				CLANG_WARN_CONSTANT_CONVERSION = YES;
				CLANG_WARN_DEPRECATED_OBJC_IMPLEMENTATIONS = YES;
				CLANG_WARN_DIRECT_OBJC_ISA_USAGE = YES_ERROR;
				CLANG_WARN_DOCUMENTATION_COMMENTS = YES;
				CLANG_WARN_EMPTY_BODY = YES;
				CLANG_WARN_ENUM_CONVERSION = YES;
				CLANG_WARN_INFINITE_RECURSION = YES;
				CLANG_WARN_INT_CONVERSION = YES;
				CLANG_WARN_NON_LITERAL_NULL_CONVERSION = YES;
				CLANG_WARN_OBJC_IMPLICIT_RETAIN_SELF = YES;
				CLANG_WARN_OBJC_LITERAL_CONVERSION = YES;
				CLANG_WARN_OBJC_ROOT_CLASS = YES_ERROR;
				CLANG_WARN_QUOTED_INCLUDE_IN_FRAMEWORK_HEADER = YES;
				CLANG_WARN_RANGE_LOOP_ANALYSIS = YES;
				CLANG_WARN_STRICT_PROTOTYPES = YES;
				CLANG_WARN_SUSPICIOUS_MOVE = YES;
				CLANG_WARN_UNGUARDED_AVAILABILITY = YES_AGGRESSIVE;
				CLANG_WARN_UNREACHABLE_CODE = YES;
				CLANG_WARN__DUPLICATE_METHOD_MATCH = YES;
				COPY_PHASE_STRIP = NO;
				CURRENT_PROJECT_VERSION = 9;
				DEAD_CODE_STRIPPING = YES;
				DEBUG_INFORMATION_FORMAT = "dwarf-with-dsym";
				DEVELOPMENT_TEAM = 9Q355KSV85;
				ENABLE_NS_ASSERTIONS = NO;
				ENABLE_STRICT_OBJC_MSGSEND = YES;
				ENABLE_USER_SCRIPT_SANDBOXING = NO;
				GCC_C_LANGUAGE_STANDARD = gnu11;
				GCC_NO_COMMON_BLOCKS = YES;
				GCC_WARN_64_TO_32_BIT_CONVERSION = YES;
				GCC_WARN_ABOUT_RETURN_TYPE = YES_ERROR;
				GCC_WARN_UNDECLARED_SELECTOR = YES;
				GCC_WARN_UNINITIALIZED_AUTOS = YES_AGGRESSIVE;
				GCC_WARN_UNUSED_FUNCTION = YES;
				GCC_WARN_UNUSED_VARIABLE = YES;
				MACOSX_DEPLOYMENT_TARGET = 13.0;
				MARKETING_VERSION = 0.2.0-alpha.4;
				MTL_ENABLE_DEBUG_INFO = NO;
				MTL_FAST_MATH = YES;
				PRODUCT_NAME = "$(TARGET_NAME)";
				SDKROOT = macosx;
				STRING_CATALOG_GENERATE_SYMBOLS = YES;
				SWIFT_COMPILATION_MODE = wholemodule;
				SWIFT_OPTIMIZATION_LEVEL = "-O";
				SWIFT_VERSION = 6.0;
			};
			name = Release;
		};
		BBE4AE36C6E98EC40DE9DEA3 /* Release */ = {
			isa = XCBuildConfiguration;
			buildSettings = {
				CODE_SIGN_STYLE = Automatic;
				COMBINE_HIDPI_IMAGES = YES;
				DEAD_CODE_STRIPPING = YES;
				DEVELOPMENT_TEAM = 9Q355KSV85;
				EXECUTABLE_NAME = key;
				LD_RUNPATH_SEARCH_PATHS = (
					"$(inherited)",
					"@executable_path/../Frameworks",
				);
				OTHER_LDFLAGS = (
					"$(inherited)",
					"-ObjC",
				);
				PRODUCT_NAME = key;
				PRODUCT_BUNDLE_IDENTIFIER = work.tvr.key.cli;
				SDKROOT = macosx;
				SKIP_INSTALL = YES;
				SWIFT_EMIT_LOC_STRINGS = NO;
			};
			name = Release;
		};
		E4C3FDA4554E08704C0B0598 /* Debug */ = {
			isa = XCBuildConfiguration;
			buildSettings = {
				ASSETCATALOG_COMPILER_APPICON_NAME = AppIcon;
				CODE_SIGN_ENTITLEMENTS = Config/Key.entitlements;
				CODE_SIGN_STYLE = Automatic;
				COMBINE_HIDPI_IMAGES = YES;
				DEAD_CODE_STRIPPING = YES;
				EXECUTABLE_NAME = KeyHost;
				GENERATE_INFOPLIST_FILE = NO;
				INFOPLIST_FILE = "Config/Key-Info.plist";
				INFOPLIST_KEY_LSApplicationCategoryType = "public.app-category.developer-tools";
				LD_RUNPATH_SEARCH_PATHS = (
					"$(inherited)",
					"@executable_path/../Frameworks",
				);
				MACOSX_DEPLOYMENT_TARGET = 26.0;
				PRODUCT_BUNDLE_IDENTIFIER = work.tvr.key.app;
				PRODUCT_NAME = Key;
				REMOVE_STATIC_EXECUTABLES_FROM_EMBEDDED_BUNDLES = NO;
				SDKROOT = macosx;
				SKIP_INSTALL = NO;
				SWIFT_EMIT_LOC_STRINGS = NO;
			};
			name = Debug;
		};
		FCE9BDA97EE2BEB466D8ECEE /* Debug */ = {
			isa = XCBuildConfiguration;
			buildSettings = {
				COMBINE_HIDPI_IMAGES = YES;
				DEAD_CODE_STRIPPING = YES;
				LD_RUNPATH_SEARCH_PATHS = (
					"$(inherited)",
					"@executable_path/../Frameworks",
				);
				MACH_O_TYPE = staticlib;
				PRODUCT_BUNDLE_IDENTIFIER = work.tvr.key.core;
				PRODUCT_NAME = KeyCore;
				SDKROOT = macosx;
				SKIP_INSTALL = YES;
			};
			name = Debug;
		};
		A50000D1A50000D1A50000D1 /* Debug */ = {
			isa = XCBuildConfiguration;
			buildSettings = {
				COMBINE_HIDPI_IMAGES = YES;
				DEAD_CODE_STRIPPING = YES;
				MACH_O_TYPE = staticlib;
				PRODUCT_BUNDLE_IDENTIFIER = work.tvr.key.jsoncanonicalization;
				PRODUCT_NAME = JSONCanonicalization;
				SDKROOT = macosx;
				SKIP_INSTALL = YES;
			};
			name = Debug;
		};
		A50000D2A50000D2A50000D2 /* Release */ = {
			isa = XCBuildConfiguration;
			buildSettings = {
				COMBINE_HIDPI_IMAGES = YES;
				DEAD_CODE_STRIPPING = YES;
				MACH_O_TYPE = staticlib;
				PRODUCT_BUNDLE_IDENTIFIER = work.tvr.key.jsoncanonicalization;
				PRODUCT_NAME = JSONCanonicalization;
				SDKROOT = macosx;
				SKIP_INSTALL = YES;
			};
			name = Release;
		};
/* End XCBuildConfiguration section */

/* Begin XCConfigurationList section */
		26D72E7DD31747DC5F271ED1 /* Build configuration list for PBXNativeTarget "KeyLaunchAgentHelper" */ = {
			isa = XCConfigurationList;
			buildConfigurations = (
				6BBBF7FB903460A13A25835F /* Debug */,
				577164093649376F4ABEA3BB /* Release */,
			);
			defaultConfigurationIsVisible = 0;
			defaultConfigurationName = Debug;
		};
		53ADE4DE8C914B3EBDDD6370 /* Build configuration list for PBXNativeTarget "KeyCLI" */ = {
			isa = XCConfigurationList;
			buildConfigurations = (
				2EAFF9DCF95D07F3F0066EAC /* Debug */,
				BBE4AE36C6E98EC40DE9DEA3 /* Release */,
			);
			defaultConfigurationIsVisible = 0;
			defaultConfigurationName = Debug;
		};
		6E2826F49F33D976AECE1ABF /* Build configuration list for PBXNativeTarget "KeyCore" */ = {
			isa = XCConfigurationList;
			buildConfigurations = (
				FCE9BDA97EE2BEB466D8ECEE /* Debug */,
				5DF5C6AD65504853888FA540 /* Release */,
			);
			defaultConfigurationIsVisible = 0;
			defaultConfigurationName = Debug;
		};
		7F01659A6EE6B0DA349AB9EB /* Build configuration list for PBXNativeTarget "KeyApp" */ = {
			isa = XCConfigurationList;
			buildConfigurations = (
				E4C3FDA4554E08704C0B0598 /* Debug */,
				0F8AA84E0B96DC7202C20341 /* Release */,
			);
			defaultConfigurationIsVisible = 0;
			defaultConfigurationName = Debug;
		};
		A50000D0A50000D0A50000D0 /* Build configuration list for PBXNativeTarget "JSONCanonicalization" */ = {
			isa = XCConfigurationList;
			buildConfigurations = (
				A50000D1A50000D1A50000D1 /* Debug */,
				A50000D2A50000D2A50000D2 /* Release */,
			);
			defaultConfigurationIsVisible = 0;
			defaultConfigurationName = Debug;
		};
		A9C7896D2EC46A7749553536 /* Build configuration list for PBXProject "Key" */ = {
			isa = XCConfigurationList;
			buildConfigurations = (
				4B695AFEF8B7B5C12F50EE03 /* Debug */,
				7FA8DBAD2649844B0DD7F3D5 /* Release */,
			);
			defaultConfigurationIsVisible = 0;
			defaultConfigurationName = Debug;
		};
/* End XCConfigurationList section */
	};
	rootObject = 986EA7B2F1EA72BF555E9C36 /* Project object */;
}
